{"SurveyEntry":{"SurveyID":"SV_3W1g8GnQD8XvpiK","SurveyName":"test_project","SurveyDescription":null,"SurveyOwnerID":"UR_1RXWPy1WXW6pKrr","SurveyBrandID":"nyu","DivisionID":null,"SurveyLanguage":"EN","SurveyActiveResponseSet":"RS_0BvXjG8lmisNIjA","SurveyStatus":"Active","SurveyStartDate":"0000-00-00 00:00:00","SurveyExpirationDate":"0000-00-00 00:00:00","SurveyCreationDate":"2024-05-28 03:49:34","CreatorID":"UR_1RXWPy1WXW6pKrr","LastModified":"2024-05-29 13:25:54","LastAccessed":"0000-00-00 00:00:00","LastActivated":"2024-05-28 03:57:45","Deleted":null},"SurveyElements":[{"SurveyID":"SV_3W1g8GnQD8XvpiK","Element":"BL","PrimaryAttribute":"Survey Blocks","SecondaryAttribute":null,"TertiaryAttribute":null,"Payload":[{"Type":"Default","Description":"Block 2","ID":"BL_bpecFKPsry0cuwe","BlockElements":[{"Type":"Question","QuestionID":"QID4"},{"Type":"Page Break"},{"Type":"Question","QuestionID":"QID3"}]},{"Type":"Trash","Description":"Trash \/ Unused Questions","ID":"BL_d5rNuqgEXrhCyUe","BlockElements":[]},{"Type":"Standard","SubType":"","Description":"Block 1","ID":"BL_bD6KGQFjEPLKheu","BlockElements":[{"Type":"Question","QuestionID":"QID5"}]},{"Type":"Standard","SubType":"","Description":"Block 3","ID":"BL_1M2Ihb4WMsy487k","BlockElements":[{"Type":"Question","QuestionID":"QID6"}]}]},{"SurveyID":"SV_3W1g8GnQD8XvpiK","Element":"FL","PrimaryAttribute":"Survey Flow","SecondaryAttribute":null,"TertiaryAttribute":null,"Payload":{"Type":"Root","FlowID":"FL_1","Flow":[{"Type":"EmbeddedData","FlowID":"FL_7","EmbeddedData":[{"Description":"check_point","Type":"Custom","Field":"check_point","VariableType":"String","DataVisibility":[],"AnalyzeText":false,"Value":"start"},{"Description":"task_tracker","Type":"Recipient","Field":"task_tracker","VariableType":"String","DataVisibility":[],"AnalyzeText":false}]},{"Type":"Standard","ID":"BL_bD6KGQFjEPLKheu","FlowID":"FL_6","Autofill":[]},{"Type":"EmbeddedData","FlowID":"FL_8","EmbeddedData":[{"Description":"check_point","Type":"Custom","Field":"check_point","VariableType":"String","DataVisibility":[],"AnalyzeText":false,"Value":"B2Q1"}]},{"Type":"Block","ID":"BL_bpecFKPsry0cuwe","FlowID":"FL_2","Autofill":[]},{"Type":"EmbeddedData","FlowID":"FL_10","EmbeddedData":[{"Description":"check_point","Type":"Custom","Field":"check_point","VariableType":"String","DataVisibility":[],"AnalyzeText":false,"Value":"B3Q1"}]},{"Type":"Standard","ID":"BL_1M2Ihb4WMsy487k","FlowID":"FL_9","Autofill":[]}],"Properties":{"Count":10,"RemovedFieldsets":[]}}},{"SurveyID":"SV_3W1g8GnQD8XvpiK","Element":"PL","PrimaryAttribute":"Preview Link","SecondaryAttribute":null,"TertiaryAttribute":null,"Payload":{"PreviewType":"Brand","PreviewID":"8e75e862-b3ee-464e-9902-009c1a3889ea"}},{"SurveyID":"SV_3W1g8GnQD8XvpiK","Element":"SO","PrimaryAttribute":"Survey Options","SecondaryAttribute":null,"TertiaryAttribute":null,"Payload":{"BackButton":"false","SaveAndContinue":"true","SurveyProtection":"PublicSurvey","BallotBoxStuffingPrevention":"false","NoIndex":"Yes","SecureResponseFiles":"true","SurveyExpiration":"None","SurveyTermination":"DefaultMessage","Header":"<script>\n\twindow.onload = function(){window.focus();}\n\n\tfunction update_taskArray(task_tracker,updates){\n\t\tvar check_point;\n\t\ttry{\n\t\t\tcheck_point = String(Qualtrics.SurveyEngine.getEmbeddedData('check_point'));\n\t\t}catch{\n\t\t\tcheck_point=null;\n\t\t}\n\t\tif (check_point===null){\n\t\t\tcheck_point=\"Start\";\n\t\t}\n\t\tif (! (check_point in task_tracker.check_points)){\n\t\t\ttask_tracker.check_points[check_point]=[]; \n\t\t}\n\t\tupdates['page']=task_tracker.page_check;\n\t\ttask_tracker.check_points[check_point].push(updates);\n\t\ttask_tracker.log.push(updates);\n\t\tQualtrics.SurveyEngine.setEmbeddedData('task_tracker',JSON.stringify(task_tracker));\n\t}\n\n\tQualtrics.SurveyEngine.addOnload(function()\n\t{\n\n\t\tvar task_tracker = JSON.parse(Qualtrics.SurveyEngine.getEmbeddedData('task_tracker'));\n\t\tif (task_tracker===null){\n\t\t\tconsole.log(\"Tracker Setup\");\n\t\t\tvar n = Date.now();\n\t\t\tvar task_tracker = {\n\t\t\t\t\"start_time\":n,\n\t\t\t\t\"offTask_check\":n,\n\t\t\t\t\"onTask_check\":n,\n\t\t\t\t\"check_points\":{},\n\t\t\t\t\"page_check\":1,\n\t\t\t\t\"log\":[{\"event\":\"start\",\"time_check\":n}]\n\t\t\t};\n\t\t\tQualtrics.SurveyEngine.setEmbeddedData('task_tracker',JSON.stringify(task_tracker));\n\t\t}\n\t\t\n\t\twindow.onblur = function () {\n\t\t\t\/\/Left workspace\n\t\t\tvar task_tracker = JSON.parse(Qualtrics.SurveyEngine.getEmbeddedData('task_tracker'));\n\t\t\tvar start_time = task_tracker.start_time;\n\t\t\tvar time_check = Date.now();\n\n\t\t\ttask_tracker.offTask_check = time_check;\n\t\t\tvar last_check = task_tracker.onTask_check;\n\t\t\tvar duration = ((time_check - last_check) \/ 1000);\n\t\t\tupdate_taskArray(task_tracker,\n\t\t\t\t\t\t\t{\n\t\t\t\t\t\t\t\t\"event\":\"exit\",\n\t\t\t\t\t\t\t\t\"time_check\":time_check,\n\t\t\t\t\t\t\t\t\"last_check\":last_check,\n\t\t\t\t\t\t\t\t\"duration\":duration,\n\t\t\t\t\t\t\t\t\"duration_type\":\"on_task\"\n\t\t\t\t\t\t\t});\n\t\t\tconsole.log(\"Left Workspace: \\n\"+String(time_check)+ \"\\nAfter \"+String(duration)+\" seconds on task\");\n\t\t};\n\n\t\twindow.onfocus = function() {\n\t\t\t\/\/Entered Workspace\n\t\t\tvar task_tracker = JSON.parse(Qualtrics.SurveyEngine.getEmbeddedData('task_tracker'));\n\t\t\tvar start_time = task_tracker.start_time;\n\t\t\tvar time_check = Date.now();\n\n\t\t\ttask_tracker.onTask_check = time_check;\n\t\t\tvar last_check = task_tracker.offTask_check;\n\t\t\tvar duration = ((time_check - last_check) \/ 1000);\n\t\t\tupdate_taskArray(task_tracker,\n\t\t\t\t\t\t\t{\n\t\t\t\t\t\t\t\t\"event\":\"enter\",\n\t\t\t\t\t\t\t\t\"time_check\":time_check,\n\t\t\t\t\t\t\t\t\"last_check\":last_check,\n\t\t\t\t\t\t\t\t\"duration\":duration,\n\t\t\t\t\t\t\t\t\"duration_type\":\"off_task\"\n\t\t\t\t\t\t\t});\n\t\t\tconsole.log(\"Entered Workspace: \\n\"+String(time_check)+ \"\\nAfter \"+String(duration)+\" seconds off task\");\n\t\t};\n\t});\n\n\tQualtrics.SurveyEngine.addOnPageSubmit(function() {\n\t\tvar ValidationCheck = document.getElementsByClassName('ValidationError');\n\t\tvar PassValidation = true;\n\t\tfor (var i=0; i < ValidationCheck.length; i++) {\n\t\t\tif (ValidationCheck[i].style.display != 'none') {\n\t\t\t\tPassValidation = false;\n\t\t\t\tbreak;\n\t\t\t};\n\t\t};\n\n\t\tvar task_tracker = JSON.parse(Qualtrics.SurveyEngine.getEmbeddedData('task_tracker'));\n\t\tvar time_check = Date.now();\n\n\t\tif (PassValidation) {\n\t\t\ttask_tracker.onTask_check = time_check;\n\t\t\tvar last_check = task_tracker.offTask_check;\n\t\t\tvar duration = ((time_check - last_check) \/ 1000);\n\t\t\tupdate_taskArray(task_tracker,\n\t\t\t\t\t\t\t{\n\t\t\t\t\t\t\t\t\"event\":\"next_page\",\n\t\t\t\t\t\t\t\t\"time_check\":time_check,\n\t\t\t\t\t\t\t\t\"last_check\":last_check,\n\t\t\t\t\t\t\t\t\"duration\":duration,\n\t\t\t\t\t\t\t\t\"duration_type\":\"on_task\"\n\t\t\t\t\t\t\t});\n\t\t\tconsole.log(\"Finished Page: \\n\"+String(task_tracker.page_check)+ \"\\nAfter \"+String(duration)+\" seconds on task\");\n\t\t\ttask_tracker.page_check += 1;\n\t\t\tQualtrics.SurveyEngine.setEmbeddedData('task_tracker',JSON.stringify(task_tracker));\n\t\t} else {\n\t\t\ttask_tracker.log.push({\n\t\t\t\t\"event\":\"validation_error\",\n\t\t\t\t\"time_check\":time_check\n\t\t\t});\n\t\t\tconsole.log(\"Validation Error\");\n\t\t};\n\t});\n\n<\/script>\n\n","Footer":"","ProgressBarDisplay":"None","PartialData":"+1 week","ValidationMessage":null,"PreviousButton":"","NextButton":" \u2192 ","SurveyTitle":"Qualtrics Survey | Qualtrics Experience Management","SkinLibrary":"nyu","SkinType":"templated","Skin":{"brandingId":null,"templateId":"*base","overrides":null},"NewScoring":1,"SurveyMetaDescription":"The most powerful, simple and trusted way to gather experience data. Start your journey to experience management and try a free account today.","CustomStyles":[],"headerMid":"","footerMid":"","EOSMessage":null,"ShowExportTags":"false","CollectGeoLocation":"false","PasswordProtection":"No","AnonymizeResponse":"No","RefererCheck":"No","RecaptchaV3":"false","ConfirmStart":false,"AutoConfirmStart":false,"RelevantID":"false","RelevantIDLockoutPeriod":"+30 days","UseCustomSurveyLinkCompletedMessage":null,"SurveyLinkCompletedMessage":null,"SurveyLinkCompletedMessageLibrary":null,"ResponseSummary":"No","EOSMessageLibrary":null,"EOSRedirectURL":null,"EmailThankYou":"false","ThankYouEmailMessageLibrary":null,"ThankYouEmailMessage":null,"ValidateMessage":"false","ValidationMessageLibrary":null,"InactiveSurvey":null,"PartialDeletion":null,"PartialDataCloseAfter":"LastActivity","InactiveMessageLibrary":null,"InactiveMessage":null,"AvailableLanguages":{"EN":[]},"ProtectSelectionIds":true}},{"SurveyID":"SV_3W1g8GnQD8XvpiK","Element":"SCO","PrimaryAttribute":"Scoring","SecondaryAttribute":null,"TertiaryAttribute":null,"Payload":{"ScoringCategories":[],"ScoringCategoryGroups":[],"ScoringSummaryCategory":null,"ScoringSummaryAfterQuestions":0,"ScoringSummaryAfterSurvey":0,"DefaultScoringCategory":null,"AutoScoringCategory":null}},{"SurveyID":"SV_3W1g8GnQD8XvpiK","Element":"PROJ","PrimaryAttribute":"CORE","SecondaryAttribute":null,"TertiaryAttribute":"1.1.0","Payload":{"ProjectCategory":"CORE","SchemaVersion":"1.1.0"}},{"SurveyID":"SV_3W1g8GnQD8XvpiK","Element":"STAT","PrimaryAttribute":"Survey Statistics","SecondaryAttribute":null,"TertiaryAttribute":null,"Payload":{"MobileCompatible":true,"ID":"Survey Statistics"}},{"SurveyID":"SV_3W1g8GnQD8XvpiK","Element":"QC","PrimaryAttribute":"Survey Question Count","SecondaryAttribute":"6","TertiaryAttribute":null,"Payload":null},{"SurveyID":"SV_3W1g8GnQD8XvpiK","Element":"SQ","PrimaryAttribute":"QID4","SecondaryAttribute":"Block 2, Q1 check_point: ${e:\/\/Field\/check_point}","TertiaryAttribute":null,"Payload":{"QuestionText":"<h2>Block 2, Q1<\/h2>\n<p>check_point: ${e:\/\/Field\/check_point}<\/p>","DefaultChoices":false,"DataExportTag":"Q4","QuestionType":"DB","Selector":"TB","DataVisibility":{"Private":false,"Hidden":false},"Configuration":{"QuestionDescriptionOption":"UseText"},"QuestionDescription":"Block 2, Q1 check_point: ${e:\/\/Field\/check_point}","ChoiceOrder":[],"Validation":{"Settings":{"Type":"None"}},"GradingData":[],"Language":[],"NextChoiceId":4,"NextAnswerId":1,"QuestionID":"QID4","QuestionJS":"Qualtrics.SurveyEngine.addOnload(function()\n{\n\t\/*Place your JavaScript here to run when the page loads*\/\n\n});\n\nQualtrics.SurveyEngine.addOnReady(function()\n{\n\t\/*Place your JavaScript here to run when the page is fully displayed*\/\n\tQualtrics.SurveyEngine.setEmbeddedData('check_point',\"B2Q1\");\n\n\n});\n\nQualtrics.SurveyEngine.addOnUnload(function()\n{\n\t\/*Place your JavaScript here to run when the page is unloaded*\/\n\n});"}},{"SurveyID":"SV_3W1g8GnQD8XvpiK","Element":"SQ","PrimaryAttribute":"QID3","SecondaryAttribute":"Block 2, Q2 check_point: ${e:\/\/Field\/check_point}","TertiaryAttribute":null,"Payload":{"QuestionText":"<h2>Block 2, Q2<\/h2>\n<p>check_point: ${e:\/\/Field\/check_point}<\/p>","DefaultChoices":false,"DataExportTag":"Q3","QuestionType":"DB","Selector":"TB","DataVisibility":{"Private":false,"Hidden":false},"Configuration":{"QuestionDescriptionOption":"UseText"},"QuestionDescription":"Block 2, Q2 check_point: ${e:\/\/Field\/check_point}","ChoiceOrder":[],"Validation":{"Settings":{"Type":"None"}},"GradingData":[],"Language":[],"NextChoiceId":4,"NextAnswerId":1,"QuestionID":"QID3","QuestionJS":"Qualtrics.SurveyEngine.addOnload(function()\n{\n\t\/*Place your JavaScript here to run when the page loads*\/\n});\n\nQualtrics.SurveyEngine.addOnReady(function()\n{\n\t\/*Place your JavaScript here to run when the page is fully displayed*\/\n\tQualtrics.SurveyEngine.setEmbeddedData(\"check_point\", \"B2Q2\");\n\n});\n\nQualtrics.SurveyEngine.addOnUnload(function()\n{\n\t\/*Place your JavaScript here to run when the page is unloaded*\/\n\n});"}},{"SurveyID":"SV_3W1g8GnQD8XvpiK","Element":"SQ","PrimaryAttribute":"QID6","SecondaryAttribute":"Block 3, Q1 check_point: ${e:\/\/Field\/check_point}","TertiaryAttribute":null,"Payload":{"QuestionText":"<h2>Block 3, Q1<\/h2>\n<p>check_point: ${e:\/\/Field\/check_point}<\/p>","QuestionJS":false,"DefaultChoices":false,"DataExportTag":"Q6","QuestionType":"DB","Selector":"TB","DataVisibility":{"Private":false,"Hidden":false},"Configuration":{"QuestionDescriptionOption":"UseText"},"QuestionDescription":"Block 3, Q1 check_point: ${e:\/\/Field\/check_point}","ChoiceOrder":[],"Validation":{"Settings":{"Type":"None"}},"GradingData":[],"Language":[],"NextChoiceId":4,"NextAnswerId":1,"QuestionID":"QID6"}},{"SurveyID":"SV_3W1g8GnQD8XvpiK","Element":"RS","PrimaryAttribute":"RS_0BvXjG8lmisNIjA","SecondaryAttribute":"Default Response Set","TertiaryAttribute":null,"Payload":null},{"SurveyID":"SV_3W1g8GnQD8XvpiK","Element":"SQ","PrimaryAttribute":"QID5","SecondaryAttribute":"First Block check_point: ${e:\/\/Field\/check_point}","TertiaryAttribute":null,"Payload":{"QuestionText":"<h2>First Block<\/h2>\n<p>check_point: ${e:\/\/Field\/check_point}<\/p>","DefaultChoices":false,"DataExportTag":"Q5","QuestionType":"DB","Selector":"TB","DataVisibility":{"Private":false,"Hidden":false},"Configuration":{"QuestionDescriptionOption":"UseText"},"QuestionDescription":"First Block check_point: ${e:\/\/Field\/check_point}","ChoiceOrder":[],"Validation":{"Settings":{"Type":"None"}},"GradingData":[],"Language":[],"NextChoiceId":4,"NextAnswerId":1,"QuestionID":"QID5","QuestionJS":"Qualtrics.SurveyEngine.addOnload(function()\n{\n\t\/*Place your JavaScript here to run when the page loads*\/\n\tQualtrics.SurveyEngine.setEmbeddedData('check_point',\"B1Q1\");\n\n});\n\nQualtrics.SurveyEngine.addOnReady(function()\n{\n\t\/*Place your JavaScript here to run when the page is fully displayed*\/\n\n});\n\nQualtrics.SurveyEngine.addOnUnload(function()\n{\n\t\/*Place your JavaScript here to run when the page is unloaded*\/\n\n});"}}]}